
Microsoft Visual Studio Solution File, Format Version 12.00
# Visual Studio Version 17
VisualStudioVersion = 17.0.31919.166
MinimumVisualStudioVersion = 10.0.40219.1
Project("{2150E333-8FDC-42A3-9474-1A3956D46DE8}") = "Solution Items", "Solution Items", "{2B32C782-BED1-45F7-8FF6-8919C2307D78}"
	ProjectSection(SolutionItems) = preProject
		LICENSE = LICENSE
		readme.md = readme.md
	EndProjectSection
EndProject
Project("{9A19103F-16F7-4668-BE54-9A1E7A4F7556}") = "XRay2OLTP", "XRay2OLTP\XRay2OLTP.csproj", "{7D4055D0-E352-4338-AD2A-794EA650DC94}"
EndProject
Project("{9A19103F-16F7-4668-BE54-9A1E7A4F7556}") = "XRayExporter.Test", "XRayExporter.Test\XRayExporter.Test.csproj", "{13851695-5BB8-4E90-AD52-A7AB9306530F}"
EndProject
Project("{9A19103F-16F7-4668-BE54-9A1E7A4F7556}") = "XRayConnector", "XRayConnector\XRayConnector.csproj", "{D33AD1A4-221A-49BE-B89D-D08B4E6C893B}"
EndProject
Global
	GlobalSection(SolutionConfigurationPlatforms) = preSolution
		Debug|Any CPU = Debug|Any CPU
		Release|Any CPU = Release|Any CPU
	EndGlobalSection
	GlobalSection(ProjectConfigurationPlatforms) = postSolution
		{7D4055D0-E352-4338-AD2A-794EA650DC94}.Debug|Any CPU.ActiveCfg = Debug|Any CPU
		{7D4055D0-E352-4338-AD2A-794EA650DC94}.Debug|Any CPU.Build.0 = Debug|Any CPU
		{7D4055D0-E352-4338-AD2A-794EA650DC94}.Release|Any CPU.ActiveCfg = Release|Any CPU
		{7D4055D0-E352-4338-AD2A-794EA650DC94}.Release|Any CPU.Build.0 = Release|Any CPU
		{13851695-5BB8-4E90-AD52-A7AB9306530F}.Debug|Any CPU.ActiveCfg = Debug|Any CPU
		{13851695-5BB8-4E90-AD52-A7AB9306530F}.Debug|Any CPU.Build.0 = Debug|Any CPU
		{13851695-5BB8-4E90-AD52-A7AB9306530F}.Release|Any CPU.ActiveCfg = Release|Any CPU
		{13851695-5BB8-4E90-AD52-A7AB9306530F}.Release|Any CPU.Build.0 = Release|Any CPU
		{D33AD1A4-221A-49BE-B89D-D08B4E6C893B}.Debug|Any CPU.ActiveCfg = Debug|Any CPU
		{D33AD1A4-221A-49BE-B89D-D08B4E6C893B}.Debug|Any CPU.Build.0 = Debug|Any CPU
		{D33AD1A4-221A-49BE-B89D-D08B4E6C893B}.Release|Any CPU.ActiveCfg = Release|Any CPU
		{D33AD1A4-221A-49BE-B89D-D08B4E6C893B}.Release|Any CPU.Build.0 = Release|Any CPU
	EndGlobalSection
	GlobalSection(SolutionProperties) = preSolution
		HideSolutionNode = FALSE
	EndGlobalSection
	GlobalSection(ExtensibilityGlobals) = postSolution
		SolutionGuid = {90617CB6-BAC3-4ED5-A84D-BE7DB7ED8912}
	EndGlobalSection
EndGlobal
